# This file is autogenerated, do not edit; changes may be undone by the next 'dep ensure'.


[[projects]]
  digest = "1:a6f4909a3e3c162e708798a596ef51aacaad873d713b237d6ac8302059025fb0"
  name = "github.com/rvasily/examplerepo"
  packages = ["."]
  pruneopts = "UT"
  revision = "497053b2193233db5b00b13e9b39be538bc2951b"
  version = "v0.1.1"

[solve-meta]
  analyzer-name = "dep"
  analyzer-version = 1
  input-imports = ["github.com/rvasily/examplerepo"]
  solver-name = "gps-cdcl"
  solver-version = 1
